// !$*UTF8*$!
{
	archiveVersion = 1;
	classes = {
	};
	objectVersion = 46;
	objects = {

/* Begin PBXBuildFile section */
		642B68D21E28353E00D57075 /* SearchCollectionViewCell.swift in Sources */ = {isa = PBXBuildFile; fileRef = 642B68D01E28353E00D57075 /* SearchCollectionViewCell.swift */; };
		642B68D61E283A2800D57075 /* Structs.swift in Sources */ = {isa = PBXBuildFile; fileRef = 642B68D51E283A2800D57075 /* Structs.swift */; };
		6441F2271E2B2B440058A047 /* SettingsViewController.swift in Sources */ = {isa = PBXBuildFile; fileRef = 6441F2261E2B2B440058A047 /* SettingsViewController.swift */; };
		645CA6DB1E2830F100782097 /* AppDelegate.swift in Sources */ = {isa = PBXBuildFile; fileRef = 645CA6DA1E2830F100782097 /* AppDelegate.swift */; };
		645CA6DD1E2830F100782097 /* SearchViewController.swift in Sources */ = {isa = PBXBuildFile; fileRef = 645CA6DC1E2830F100782097 /* SearchViewController.swift */; };
		645CA6DF1E2830F100782097 /* NowPlayingViewController.swift in Sources */ = {isa = PBXBuildFile; fileRef = 645CA6DE1E2830F100782097 /* NowPlayingViewController.swift */; };
		645CA6E21E2830F100782097 /* Main.storyboard in Resources */ = {isa = PBXBuildFile; fileRef = 645CA6E01E2830F100782097 /* Main.storyboard */; };
		645CA6E41E2830F100782097 /* Assets.xcassets in Resources */ = {isa = PBXBuildFile; fileRef = 645CA6E31E2830F100782097 /* Assets.xcassets */; };
		645CA6E71E2830F100782097 /* LaunchScreen.storyboard in Resources */ = {isa = PBXBuildFile; fileRef = 645CA6E51E2830F100782097 /* LaunchScreen.storyboard */; };
		645CA6F21E2830F200782097 /* AuxPartyiOS2Tests.swift in Sources */ = {isa = PBXBuildFile; fileRef = 645CA6F11E2830F200782097 /* AuxPartyiOS2Tests.swift */; };
		645CA6FD1E2830F200782097 /* AuxPartyiOS2UITests.swift in Sources */ = {isa = PBXBuildFile; fileRef = 645CA6FC1E2830F200782097 /* AuxPartyiOS2UITests.swift */; };
		646D98391E45A6A5003C311F /* LoginViewController.swift in Sources */ = {isa = PBXBuildFile; fileRef = 646D98381E45A6A5003C311F /* LoginViewController.swift */; };
		646D983B1E45A6D4003C311F /* PageCell.swift in Sources */ = {isa = PBXBuildFile; fileRef = 646D983A1E45A6D4003C311F /* PageCell.swift */; };
		646D983D1E45A6F2003C311F /* PostRequestCell.swift in Sources */ = {isa = PBXBuildFile; fileRef = 646D983C1E45A6F2003C311F /* PostRequestCell.swift */; };
		646D983F1E45AA07003C311F /* MainTabBarController.swift in Sources */ = {isa = PBXBuildFile; fileRef = 646D983E1E45AA07003C311F /* MainTabBarController.swift */; };
		646D98411E466261003C311F /* HostCollectionViewCell.swift in Sources */ = {isa = PBXBuildFile; fileRef = 646D98401E466261003C311F /* HostCollectionViewCell.swift */; };
		9672152655E7CA514CAA4948 /* Pods_AuxPartyiOS2.framework in Frameworks */ = {isa = PBXBuildFile; fileRef = AF9CDB83B245BACC3FAA73E8 /* Pods_AuxPartyiOS2.framework */; };
/* End PBXBuildFile section */

/* Begin PBXContainerItemProxy section */
		645CA6EE1E2830F200782097 /* PBXContainerItemProxy */ = {
			isa = PBXContainerItemProxy;
			containerPortal = 645CA6CF1E2830F100782097 /* Project object */;
			proxyType = 1;
			remoteGlobalIDString = 645CA6D61E2830F100782097;
			remoteInfo = AuxPartyiOS2;
		};
		645CA6F91E2830F200782097 /* PBXContainerItemProxy */ = {
			isa = PBXContainerItemProxy;
			containerPortal = 645CA6CF1E2830F100782097 /* Project object */;
			proxyType = 1;
			remoteGlobalIDString = 645CA6D61E2830F100782097;
			remoteInfo = AuxPartyiOS2;
		};
/* End PBXContainerItemProxy section */

/* Begin PBXFileReference section */
		4366E08AB5666612F1A6D302 /* Pods-AuxPartyiOS2.debug.xcconfig */ = {isa = PBXFileReference; includeInIndex = 1; lastKnownFileType = text.xcconfig; name = "Pods-AuxPartyiOS2.debug.xcconfig"; path = "Pods/Target Support Files/Pods-AuxPartyiOS2/Pods-AuxPartyiOS2.debug.xcconfig"; sourceTree = "<group>"; };
		642B68D01E28353E00D57075 /* SearchCollectionViewCell.swift */ = {isa = PBXFileReference; fileEncoding = 4; lastKnownFileType = sourcecode.swift; path = SearchCollectionViewCell.swift; sourceTree = "<group>"; };
		642B68D51E283A2800D57075 /* Structs.swift */ = {isa = PBXFileReference; fileEncoding = 4; lastKnownFileType = sourcecode.swift; path = Structs.swift; sourceTree = "<group>"; };
		6441F2261E2B2B440058A047 /* SettingsViewController.swift */ = {isa = PBXFileReference; fileEncoding = 4; lastKnownFileType = sourcecode.swift; path = SettingsViewController.swift; sourceTree = "<group>"; };
		645CA6D71E2830F100782097 /* AuxPartyiOS2.app */ = {isa = PBXFileReference; explicitFileType = wrapper.application; includeInIndex = 0; path = AuxPartyiOS2.app; sourceTree = BUILT_PRODUCTS_DIR; };
		645CA6DA1E2830F100782097 /* AppDelegate.swift */ = {isa = PBXFileReference; lastKnownFileType = sourcecode.swift; path = AppDelegate.swift; sourceTree = "<group>"; };
		645CA6DC1E2830F100782097 /* SearchViewController.swift */ = {isa = PBXFileReference; lastKnownFileType = sourcecode.swift; path = SearchViewController.swift; sourceTree = "<group>"; };
		645CA6DE1E2830F100782097 /* NowPlayingViewController.swift */ = {isa = PBXFileReference; lastKnownFileType = sourcecode.swift; path = NowPlayingViewController.swift; sourceTree = "<group>"; };
		645CA6E11E2830F100782097 /* Base */ = {isa = PBXFileReference; lastKnownFileType = file.storyboard; name = Base; path = Base.lproj/Main.storyboard; sourceTree = "<group>"; };
		645CA6E31E2830F100782097 /* Assets.xcassets */ = {isa = PBXFileReference; lastKnownFileType = folder.assetcatalog; path = Assets.xcassets; sourceTree = "<group>"; };
		645CA6E61E2830F100782097 /* Base */ = {isa = PBXFileReference; lastKnownFileType = file.storyboard; name = Base; path = Base.lproj/LaunchScreen.storyboard; sourceTree = "<group>"; };
		645CA6E81E2830F100782097 /* Info.plist */ = {isa = PBXFileReference; lastKnownFileType = text.plist.xml; path = Info.plist; sourceTree = "<group>"; };
		645CA6ED1E2830F200782097 /* AuxPartyiOS2Tests.xctest */ = {isa = PBXFileReference; explicitFileType = wrapper.cfbundle; includeInIndex = 0; path = AuxPartyiOS2Tests.xctest; sourceTree = BUILT_PRODUCTS_DIR; };
		645CA6F11E2830F200782097 /* AuxPartyiOS2Tests.swift */ = {isa = PBXFileReference; lastKnownFileType = sourcecode.swift; path = AuxPartyiOS2Tests.swift; sourceTree = "<group>"; };
		645CA6F31E2830F200782097 /* Info.plist */ = {isa = PBXFileReference; lastKnownFileType = text.plist.xml; path = Info.plist; sourceTree = "<group>"; };
		645CA6F81E2830F200782097 /* AuxPartyiOS2UITests.xctest */ = {isa = PBXFileReference; explicitFileType = wrapper.cfbundle; includeInIndex = 0; path = AuxPartyiOS2UITests.xctest; sourceTree = BUILT_PRODUCTS_DIR; };
		645CA6FC1E2830F200782097 /* AuxPartyiOS2UITests.swift */ = {isa = PBXFileReference; lastKnownFileType = sourcecode.swift; path = AuxPartyiOS2UITests.swift; sourceTree = "<group>"; };
		645CA6FE1E2830F200782097 /* Info.plist */ = {isa = PBXFileReference; lastKnownFileType = text.plist.xml; path = Info.plist; sourceTree = "<group>"; };
		646D98381E45A6A5003C311F /* LoginViewController.swift */ = {isa = PBXFileReference; fileEncoding = 4; lastKnownFileType = sourcecode.swift; path = LoginViewController.swift; sourceTree = "<group>"; };
		646D983A1E45A6D4003C311F /* PageCell.swift */ = {isa = PBXFileReference; fileEncoding = 4; lastKnownFileType = sourcecode.swift; path = PageCell.swift; sourceTree = "<group>"; };
		646D983C1E45A6F2003C311F /* PostRequestCell.swift */ = {isa = PBXFileReference; fileEncoding = 4; lastKnownFileType = sourcecode.swift; path = PostRequestCell.swift; sourceTree = "<group>"; };
		646D983E1E45AA07003C311F /* MainTabBarController.swift */ = {isa = PBXFileReference; fileEncoding = 4; lastKnownFileType = sourcecode.swift; name = MainTabBarController.swift; path = ../MainTabBarController.swift; sourceTree = "<group>"; };
		646D98401E466261003C311F /* HostCollectionViewCell.swift */ = {isa = PBXFileReference; fileEncoding = 4; lastKnownFileType = sourcecode.swift; path = HostCollectionViewCell.swift; sourceTree = "<group>"; };
		72EBC74C0F0F1A7648FE42DE /* Pods-AuxPartyiOS2.release.xcconfig */ = {isa = PBXFileReference; includeInIndex = 1; lastKnownFileType = text.xcconfig; name = "Pods-AuxPartyiOS2.release.xcconfig"; path = "Pods/Target Support Files/Pods-AuxPartyiOS2/Pods-AuxPartyiOS2.release.xcconfig"; sourceTree = "<group>"; };
		ADDC32BF9F08C1B370182850 /* Pods_AuxPartyiOS2UITests.framework */ = {isa = PBXFileReference; explicitFileType = wrapper.framework; includeInIndex = 0; path = Pods_AuxPartyiOS2UITests.framework; sourceTree = BUILT_PRODUCTS_DIR; };
		AF9CDB83B245BACC3FAA73E8 /* Pods_AuxPartyiOS2.framework */ = {isa = PBXFileReference; explicitFileType = wrapper.framework; includeInIndex = 0; path = Pods_AuxPartyiOS2.framework; sourceTree = BUILT_PRODUCTS_DIR; };
		CCCB3D90DE50F147A77F3CE7 /* Pods_AuxPartyiOS2Tests.framework */ = {isa = PBXFileReference; explicitFileType = wrapper.framework; includeInIndex = 0; path = Pods_AuxPartyiOS2Tests.framework; sourceTree = BUILT_PRODUCTS_DIR; };
/* End PBXFileReference section */

/* Begin PBXFrameworksBuildPhase section */
		645CA6D41E2830F100782097 /* Frameworks */ = {
			isa = PBXFrameworksBuildPhase;
			buildActionMask = 2147483647;
			files = (
				9672152655E7CA514CAA4948 /* Pods_AuxPartyiOS2.framework in Frameworks */,
			);
			runOnlyForDeploymentPostprocessing = 0;
		};
		645CA6EA1E2830F200782097 /* Frameworks */ = {
			isa = PBXFrameworksBuildPhase;
			buildActionMask = 2147483647;
			files = (
			);
			runOnlyForDeploymentPostprocessing = 0;
		};
		645CA6F51E2830F200782097 /* Frameworks */ = {
			isa = PBXFrameworksBuildPhase;
			buildActionMask = 2147483647;
			files = (
			);
			runOnlyForDeploymentPostprocessing = 0;
		};
/* End PBXFrameworksBuildPhase section */

/* Begin PBXGroup section */
		0909CFC4653F4EA4F4323FFF /* Frameworks */ = {
			isa = PBXGroup;
			children = (
				AF9CDB83B245BACC3FAA73E8 /* Pods_AuxPartyiOS2.framework */,
				CCCB3D90DE50F147A77F3CE7 /* Pods_AuxPartyiOS2Tests.framework */,
				ADDC32BF9F08C1B370182850 /* Pods_AuxPartyiOS2UITests.framework */,
			);
			name = Frameworks;
			sourceTree = "<group>";
		};
		642B68D41E28354800D57075 /* Search */ = {
			isa = PBXGroup;
			children = (
				645CA6DC1E2830F100782097 /* SearchViewController.swift */,
				642B68D01E28353E00D57075 /* SearchCollectionViewCell.swift */,
			);
			name = Search;
			sourceTree = "<group>";
		};
		6441F2281E2B2DAA0058A047 /* Now Playing */ = {
			isa = PBXGroup;
			children = (
				645CA6DE1E2830F100782097 /* NowPlayingViewController.swift */,
			);
			name = "Now Playing";
			sourceTree = "<group>";
		};
		6441F2291E2B2DB60058A047 /* Settings */ = {
			isa = PBXGroup;
			children = (
				6441F2261E2B2B440058A047 /* SettingsViewController.swift */,
			);
			name = Settings;
			sourceTree = "<group>";
		};
		645CA6CE1E2830F100782097 = {
			isa = PBXGroup;
			children = (
				645CA6D91E2830F100782097 /* AuxPartyiOS2 */,
				645CA6F01E2830F200782097 /* AuxPartyiOS2Tests */,
				645CA6FB1E2830F200782097 /* AuxPartyiOS2UITests */,
				645CA6D81E2830F100782097 /* Products */,
				9607B152055FCDD3446A580A /* Pods */,
				0909CFC4653F4EA4F4323FFF /* Frameworks */,
			);
			sourceTree = "<group>";
		};
		645CA6D81E2830F100782097 /* Products */ = {
			isa = PBXGroup;
			children = (
				645CA6D71E2830F100782097 /* AuxPartyiOS2.app */,
				645CA6ED1E2830F200782097 /* AuxPartyiOS2Tests.xctest */,
				645CA6F81E2830F200782097 /* AuxPartyiOS2UITests.xctest */,
			);
			name = Products;
			sourceTree = "<group>";
		};
		645CA6D91E2830F100782097 /* AuxPartyiOS2 */ = {
			isa = PBXGroup;
			children = (
				646D983E1E45AA07003C311F /* MainTabBarController.swift */,
				645CA6DA1E2830F100782097 /* AppDelegate.swift */,
				642B68D51E283A2800D57075 /* Structs.swift */,
				646D98371E45A657003C311F /* Host or Join */,
				642B68D41E28354800D57075 /* Search */,
				6441F2281E2B2DAA0058A047 /* Now Playing */,
				6441F2291E2B2DB60058A047 /* Settings */,
				645CA6E01E2830F100782097 /* Main.storyboard */,
				645CA6E31E2830F100782097 /* Assets.xcassets */,
				645CA6E51E2830F100782097 /* LaunchScreen.storyboard */,
				645CA6E81E2830F100782097 /* Info.plist */,
			);
			path = AuxPartyiOS2;
			sourceTree = "<group>";
		};
		645CA6F01E2830F200782097 /* AuxPartyiOS2Tests */ = {
			isa = PBXGroup;
			children = (
				645CA6F11E2830F200782097 /* AuxPartyiOS2Tests.swift */,
				645CA6F31E2830F200782097 /* Info.plist */,
			);
			path = AuxPartyiOS2Tests;
			sourceTree = "<group>";
		};
		645CA6FB1E2830F200782097 /* AuxPartyiOS2UITests */ = {
			isa = PBXGroup;
			children = (
				645CA6FC1E2830F200782097 /* AuxPartyiOS2UITests.swift */,
				645CA6FE1E2830F200782097 /* Info.plist */,
			);
			path = AuxPartyiOS2UITests;
			sourceTree = "<group>";
		};
		646D98371E45A657003C311F /* Host or Join */ = {
			isa = PBXGroup;
			children = (
				646D98381E45A6A5003C311F /* LoginViewController.swift */,
				646D983A1E45A6D4003C311F /* PageCell.swift */,
				646D98431E4666F0003C311F /* Join */,
				646D98421E4666E9003C311F /* Host */,
			);
			name = "Host or Join";
			path = ..;
			sourceTree = "<group>";
		};
		646D98421E4666E9003C311F /* Host */ = {
			isa = PBXGroup;
			children = (
				646D98401E466261003C311F /* HostCollectionViewCell.swift */,
			);
			name = Host;
			sourceTree = "<group>";
		};
		646D98431E4666F0003C311F /* Join */ = {
			isa = PBXGroup;
			children = (
				646D983C1E45A6F2003C311F /* PostRequestCell.swift */,
			);
			name = Join;
			sourceTree = "<group>";
		};
		9607B152055FCDD3446A580A /* Pods */ = {
			isa = PBXGroup;
			children = (
				4366E08AB5666612F1A6D302 /* Pods-AuxPartyiOS2.debug.xcconfig */,
				72EBC74C0F0F1A7648FE42DE /* Pods-AuxPartyiOS2.release.xcconfig */,
			);
			name = Pods;
			sourceTree = "<group>";
		};
/* End PBXGroup section */

/* Begin PBXNativeTarget section */
		645CA6D61E2830F100782097 /* AuxPartyiOS2 */ = {
			isa = PBXNativeTarget;
			buildConfigurationList = 645CA7011E2830F200782097 /* Build configuration list for PBXNativeTarget "AuxPartyiOS2" */;
			buildPhases = (
				B11328CB0293C928FC5F8D99 /* [CP] Check Pods Manifest.lock */,
				645CA6D31E2830F100782097 /* Sources */,
				645CA6D41E2830F100782097 /* Frameworks */,
				645CA6D51E2830F100782097 /* Resources */,
				EC4AE350C61AA3886A550A4B /* [CP] Embed Pods Frameworks */,
				40535774E4F809B5F68E91D4 /* [CP] Copy Pods Resources */,
			);
			buildRules = (
			);
			dependencies = (
			);
			name = AuxPartyiOS2;
			productName = AuxPartyiOS2;
			productReference = 645CA6D71E2830F100782097 /* AuxPartyiOS2.app */;
			productType = "com.apple.product-type.application";
		};
		645CA6EC1E2830F200782097 /* AuxPartyiOS2Tests */ = {
			isa = PBXNativeTarget;
			buildConfigurationList = 645CA7041E2830F200782097 /* Build configuration list for PBXNativeTarget "AuxPartyiOS2Tests" */;
			buildPhases = (
				645CA6E91E2830F200782097 /* Sources */,
				645CA6EA1E2830F200782097 /* Frameworks */,
				645CA6EB1E2830F200782097 /* Resources */,
			);
			buildRules = (
			);
			dependencies = (
				645CA6EF1E2830F200782097 /* PBXTargetDependency */,
			);
			name = AuxPartyiOS2Tests;
			productName = AuxPartyiOS2Tests;
			productReference = 645CA6ED1E2830F200782097 /* AuxPartyiOS2Tests.xctest */;
			productType = "com.apple.product-type.bundle.unit-test";
		};
		645CA6F71E2830F200782097 /* AuxPartyiOS2UITests */ = {
			isa = PBXNativeTarget;
			buildConfigurationList = 645CA7071E2830F200782097 /* Build configuration list for PBXNativeTarget "AuxPartyiOS2UITests" */;
			buildPhases = (
				645CA6F41E2830F200782097 /* Sources */,
				645CA6F51E2830F200782097 /* Frameworks */,
				645CA6F61E2830F200782097 /* Resources */,
			);
			buildRules = (
			);
			dependencies = (
				645CA6FA1E2830F200782097 /* PBXTargetDependency */,
			);
			name = AuxPartyiOS2UITests;
			productName = AuxPartyiOS2UITests;
			productReference = 645CA6F81E2830F200782097 /* AuxPartyiOS2UITests.xctest */;
			productType = "com.apple.product-type.bundle.ui-testing";
		};
/* End PBXNativeTarget section */

/* Begin PBXProject section */
		645CA6CF1E2830F100782097 /* Project object */ = {
			isa = PBXProject;
			attributes = {
				LastSwiftUpdateCheck = 0820;
				LastUpgradeCheck = 0820;
				ORGANIZATIONNAME = AuxParty;
				TargetAttributes = {
					645CA6D61E2830F100782097 = {
						CreatedOnToolsVersion = 8.2.1;
						DevelopmentTeam = CD9P7A9V9J;
						ProvisioningStyle = Automatic;
					};
					645CA6EC1E2830F200782097 = {
						CreatedOnToolsVersion = 8.2.1;
						ProvisioningStyle = Automatic;
						TestTargetID = 645CA6D61E2830F100782097;
					};
					645CA6F71E2830F200782097 = {
						CreatedOnToolsVersion = 8.2.1;
						ProvisioningStyle = Automatic;
						TestTargetID = 645CA6D61E2830F100782097;
					};
				};
			};
			buildConfigurationList = 645CA6D21E2830F100782097 /* Build configuration list for PBXProject "AuxPartyiOS2" */;
			compatibilityVersion = "Xcode 3.2";
			developmentRegion = English;
			hasScannedForEncodings = 0;
			knownRegions = (
				en,
				Base,
			);
			mainGroup = 645CA6CE1E2830F100782097;
			productRefGroup = 645CA6D81E2830F100782097 /* Products */;
			projectDirPath = "";
			projectRoot = "";
			targets = (
				645CA6D61E2830F100782097 /* AuxPartyiOS2 */,
				645CA6EC1E2830F200782097 /* AuxPartyiOS2Tests */,
				645CA6F71E2830F200782097 /* AuxPartyiOS2UITests */,
			);
		};
/* End PBXProject section */

/* Begin PBXResourcesBuildPhase section */
		645CA6D51E2830F100782097 /* Resources */ = {
			isa = PBXResourcesBuildPhase;
			buildActionMask = 2147483647;
			files = (
				645CA6E71E2830F100782097 /* LaunchScreen.storyboard in Resources */,
				645CA6E41E2830F100782097 /* Assets.xcassets in Resources */,
				645CA6E21E2830F100782097 /* Main.storyboard in Resources */,
			);
			runOnlyForDeploymentPostprocessing = 0;
		};
		645CA6EB1E2830F200782097 /* Resources */ = {
			isa = PBXResourcesBuildPhase;
			buildActionMask = 2147483647;
			files = (
			);
			runOnlyForDeploymentPostprocessing = 0;
		};
		645CA6F61E2830F200782097 /* Resources */ = {
			isa = PBXResourcesBuildPhase;
			buildActionMask = 2147483647;
			files = (
			);
			runOnlyForDeploymentPostprocessing = 0;
		};
/* End PBXResourcesBuildPhase section */

/* Begin PBXShellScriptBuildPhase section */
		40535774E4F809B5F68E91D4 /* [CP] Copy Pods Resources */ = {
			isa = PBXShellScriptBuildPhase;
			buildActionMask = 2147483647;
			files = (
			);
			inputPaths = (
			);
			name = "[CP] Copy Pods Resources";
			outputPaths = (
			);
			runOnlyForDeploymentPostprocessing = 0;
			shellPath = /bin/sh;
			shellScript = "\"${SRCROOT}/Pods/Target Support Files/Pods-AuxPartyiOS2/Pods-AuxPartyiOS2-resources.sh\"\n";
			showEnvVarsInLog = 0;
		};
		B11328CB0293C928FC5F8D99 /* [CP] Check Pods Manifest.lock */ = {
			isa = PBXShellScriptBuildPhase;
			buildActionMask = 2147483647;
			files = (
			);
			inputPaths = (
			);
			name = "[CP] Check Pods Manifest.lock";
			outputPaths = (
			);
			runOnlyForDeploymentPostprocessing = 0;
			shellPath = /bin/sh;
			shellScript = "diff \"${PODS_ROOT}/../Podfile.lock\" \"${PODS_ROOT}/Manifest.lock\" > /dev/null\nif [ $? != 0 ] ; then\n    # print error to STDERR\n    echo \"error: The sandbox is not in sync with the Podfile.lock. Run 'pod install' or update your CocoaPods installation.\" >&2\n    exit 1\nfi\n";
			showEnvVarsInLog = 0;
		};
		EC4AE350C61AA3886A550A4B /* [CP] Embed Pods Frameworks */ = {
			isa = PBXShellScriptBuildPhase;
			buildActionMask = 2147483647;
			files = (
			);
			inputPaths = (
			);
			name = "[CP] Embed Pods Frameworks";
			outputPaths = (
			);
			runOnlyForDeploymentPostprocessing = 0;
			shellPath = /bin/sh;
			shellScript = "\"${SRCROOT}/Pods/Target Support Files/Pods-AuxPartyiOS2/Pods-AuxPartyiOS2-frameworks.sh\"\n";
			showEnvVarsInLog = 0;
		};
/* End PBXShellScriptBuildPhase section */

/* Begin PBXSourcesBuildPhase section */
		645CA6D31E2830F100782097 /* Sources */ = {
			isa = PBXSourcesBuildPhase;
			buildActionMask = 2147483647;
			files = (
				646D98391E45A6A5003C311F /* LoginViewController.swift in Sources */,
				645CA6DF1E2830F100782097 /* NowPlayingViewController.swift in Sources */,
				646D983F1E45AA07003C311F /* MainTabBarController.swift in Sources */,
				645CA6DB1E2830F100782097 /* AppDelegate.swift in Sources */,
				642B68D61E283A2800D57075 /* Structs.swift in Sources */,
				646D983D1E45A6F2003C311F /* PostRequestCell.swift in Sources */,
				642B68D21E28353E00D57075 /* SearchCollectionViewCell.swift in Sources */,
				645CA6DD1E2830F100782097 /* SearchViewController.swift in Sources */,
				646D98411E466261003C311F /* HostCollectionViewCell.swift in Sources */,
				646D983B1E45A6D4003C311F /* PageCell.swift in Sources */,
				6441F2271E2B2B440058A047 /* SettingsViewController.swift in Sources */,
			);
			runOnlyForDeploymentPostprocessing = 0;
		};
		645CA6E91E2830F200782097 /* Sources */ = {
			isa = PBXSourcesBuildPhase;
			buildActionMask = 2147483647;
			files = (
				645CA6F21E2830F200782097 /* AuxPartyiOS2Tests.swift in Sources */,
			);
			runOnlyForDeploymentPostprocessing = 0;
		};
		645CA6F41E2830F200782097 /* Sources */ = {
			isa = PBXSourcesBuildPhase;
			buildActionMask = 2147483647;
			files = (
				645CA6FD1E2830F200782097 /* AuxPartyiOS2UITests.swift in Sources */,
			);
			runOnlyForDeploymentPostprocessing = 0;
		};
/* End PBXSourcesBuildPhase section */

/* Begin PBXTargetDependency section */
		645CA6EF1E2830F200782097 /* PBXTargetDependency */ = {
			isa = PBXTargetDependency;
			target = 645CA6D61E2830F100782097 /* AuxPartyiOS2 */;
			targetProxy = 645CA6EE1E2830F200782097 /* PBXContainerItemProxy */;
		};
		645CA6FA1E2830F200782097 /* PBXTargetDependency */ = {
			isa = PBXTargetDependency;
			target = 645CA6D61E2830F100782097 /* AuxPartyiOS2 */;
			targetProxy = 645CA6F91E2830F200782097 /* PBXContainerItemProxy */;
		};
/* End PBXTargetDependency section */

/* Begin PBXVariantGroup section */
		645CA6E01E2830F100782097 /* Main.storyboard */ = {
			isa = PBXVariantGroup;
			children = (
				645CA6E11E2830F100782097 /* Base */,
			);
			name = Main.storyboard;
			sourceTree = "<group>";
		};
		645CA6E51E2830F100782097 /* LaunchScreen.storyboard */ = {
			isa = PBXVariantGroup;
			children = (
				645CA6E61E2830F100782097 /* Base */,
			);
			name = LaunchScreen.storyboard;
			sourceTree = "<group>";
		};
/* End PBXVariantGroup section */

/* Begin XCBuildConfiguration section */
		645CA6FF1E2830F200782097 /* Debug */ = {
			isa = XCBuildConfiguration;
			buildSettings = {
				ALWAYS_SEARCH_USER_PATHS = NO;
				CLANG_ANALYZER_NONNULL = YES;
				CLANG_CXX_LANGUAGE_STANDARD = "gnu++0x";
				CLANG_CXX_LIBRARY = "libc++";
				CLANG_ENABLE_MODULES = YES;
				CLANG_ENABLE_OBJC_ARC = YES;
				CLANG_WARN_BOOL_CONVERSION = YES;
				CLANG_WARN_CONSTANT_CONVERSION = YES;
				CLANG_WARN_DIRECT_OBJC_ISA_USAGE = YES_ERROR;
				CLANG_WARN_DOCUMENTATION_COMMENTS = YES;
				CLANG_WARN_EMPTY_BODY = YES;
				CLANG_WARN_ENUM_CONVERSION = YES;
				CLANG_WARN_INFINITE_RECURSION = YES;
				CLANG_WARN_INT_CONVERSION = YES;
				CLANG_WARN_OBJC_ROOT_CLASS = YES_ERROR;
				CLANG_WARN_SUSPICIOUS_MOVE = YES;
				CLANG_WARN_UNREACHABLE_CODE = YES;
				CLANG_WARN__DUPLICATE_METHOD_MATCH = YES;
				"CODE_SIGN_IDENTITY[sdk=iphoneos*]" = "iPhone Developer";
				COPY_PHASE_STRIP = NO;
				DEBUG_INFORMATION_FORMAT = dwarf;
				ENABLE_STRICT_OBJC_MSGSEND = YES;
				ENABLE_TESTABILITY = YES;
				GCC_C_LANGUAGE_STANDARD = gnu99;
				GCC_DYNAMIC_NO_PIC = NO;
				GCC_NO_COMMON_BLOCKS = YES;
				GCC_OPTIMIZATION_LEVEL = 0;
				GCC_PREPROCESSOR_DEFINITIONS = (
					"DEBUG=1",
					"$(inherited)",
				);
				GCC_WARN_64_TO_32_BIT_CONVERSION = YES;
				GCC_WARN_ABOUT_RETURN_TYPE = YES_ERROR;
				GCC_WARN_UNDECLARED_SELECTOR = YES;
				GCC_WARN_UNINITIALIZED_AUTOS = YES_AGGRESSIVE;
				GCC_WARN_UNUSED_FUNCTION = YES;
				GCC_WARN_UNUSED_VARIABLE = YES;
				IPHONEOS_DEPLOYMENT_TARGET = 10.2;
				MTL_ENABLE_DEBUG_INFO = YES;
				ONLY_ACTIVE_ARCH = YES;
				SDKROOT = iphoneos;
				SWIFT_ACTIVE_COMPILATION_CONDITIONS = DEBUG;
				SWIFT_OPTIMIZATION_LEVEL = "-Onone";
				TARGETED_DEVICE_FAMILY = "1,2";
			};
			name = Debug;
		};
		645CA7001E2830F200782097 /* Release */ = {
			isa = XCBuildConfiguration;
			buildSettings = {
				ALWAYS_SEARCH_USER_PATHS = NO;
				CLANG_ANALYZER_NONNULL = YES;
				CLANG_CXX_LANGUAGE_STANDARD = "gnu++0x";
				CLANG_CXX_LIBRARY = "libc++";
				CLANG_ENABLE_MODULES = YES;
				CLANG_ENABLE_OBJC_ARC = YES;
				CLANG_WARN_BOOL_CONVERSION = YES;
				CLANG_WARN_CONSTANT_CONVERSION = YES;
				CLANG_WARN_DIRECT_OBJC_ISA_USAGE = YES_ERROR;
				CLANG_WARN_DOCUMENTATION_COMMENTS = YES;
				CLANG_WARN_EMPTY_BODY = YES;
				CLANG_WARN_ENUM_CONVERSION = YES;
				CLANG_WARN_INFINITE_RECURSION = YES;
				CLANG_WARN_INT_CONVERSION = YES;
				CLANG_WARN_OBJC_ROOT_CLASS = YES_ERROR;
				CLANG_WARN_SUSPICIOUS_MOVE = YES;
				CLANG_WARN_UNREACHABLE_CODE = YES;
				CLANG_WARN__DUPLICATE_METHOD_MATCH = YES;
				"CODE_SIGN_IDENTITY[sdk=iphoneos*]" = "iPhone Developer";
				COPY_PHASE_STRIP = NO;
				DEBUG_INFORMATION_FORMAT = "dwarf-with-dsym";
				ENABLE_NS_ASSERTIONS = NO;
				ENABLE_STRICT_OBJC_MSGSEND = YES;
				GCC_C_LANGUAGE_STANDARD = gnu99;
				GCC_NO_COMMON_BLOCKS = YES;
				GCC_WARN_64_TO_32_BIT_CONVERSION = YES;
				GCC_WARN_ABOUT_RETURN_TYPE = YES_ERROR;
				GCC_WARN_UNDECLARED_SELECTOR = YES;
				GCC_WARN_UNINITIALIZED_AUTOS = YES_AGGRESSIVE;
				GCC_WARN_UNUSED_FUNCTION = YES;
				GCC_WARN_UNUSED_VARIABLE = YES;
				IPHONEOS_DEPLOYMENT_TARGET = 10.2;
				MTL_ENABLE_DEBUG_INFO = NO;
				SDKROOT = iphoneos;
				SWIFT_OPTIMIZATION_LEVEL = "-Owholemodule";
				TARGETED_DEVICE_FAMILY = "1,2";
				VALIDATE_PRODUCT = YES;
			};
			name = Release;
		};
		645CA7021E2830F200782097 /* Debug */ = {
			isa = XCBuildConfiguration;
			baseConfigurationReference = 4366E08AB5666612F1A6D302 /* Pods-AuxPartyiOS2.debug.xcconfig */;
			buildSettings = {
				ALWAYS_EMBED_SWIFT_STANDARD_LIBRARIES = YES;
				ASSETCATALOG_COMPILER_APPICON_NAME = AppIcon;
				DEVELOPMENT_TEAM = CD9P7A9V9J;
				INFOPLIST_FILE = AuxPartyiOS2/Info.plist;
				LD_RUNPATH_SEARCH_PATHS = "$(inherited) @executable_path/Frameworks";
				PRODUCT_BUNDLE_IDENTIFIER = com.auxparty.AuxPartyiOS2;
				PRODUCT_NAME = "$(TARGET_NAME)";
				SWIFT_VERSION = 3.0;
			};
			name = Debug;
		};
		645CA7031E2830F200782097 /* Release */ = {
			isa = XCBuildConfiguration;
			baseConfigurationReference = 72EBC74C0F0F1A7648FE42DE /* Pods-AuxPartyiOS2.release.xcconfig */;
			buildSettings = {
				ALWAYS_EMBED_SWIFT_STANDARD_LIBRARIES = YES;
				ASSETCATALOG_COMPILER_APPICON_NAME = AppIcon;
				DEVELOPMENT_TEAM = CD9P7A9V9J;
				INFOPLIST_FILE = AuxPartyiOS2/Info.plist;
				LD_RUNPATH_SEARCH_PATHS = "$(inherited) @executable_path/Frameworks";
				PRODUCT_BUNDLE_IDENTIFIER = com.auxparty.AuxPartyiOS2;
				PRODUCT_NAME = "$(TARGET_NAME)";
				SWIFT_VERSION = 3.0;
			};
			name = Release;
		};
		645CA7051E2830F200782097 /* Debug */ = {
			isa = XCBuildConfiguration;
			buildSettings = {
				ALWAYS_EMBED_SWIFT_STANDARD_LIBRARIES = YES;
				BUNDLE_LOADER = "$(TEST_HOST)";
				INFOPLIST_FILE = AuxPartyiOS2Tests/Info.plist;
				LD_RUNPATH_SEARCH_PATHS = "$(inherited) @executable_path/Frameworks @loader_path/Frameworks";
				PRODUCT_BUNDLE_IDENTIFIER = com.auxparty.AuxPartyiOS2Tests;
				PRODUCT_NAME = "$(TARGET_NAME)";
				SWIFT_VERSION = 3.0;
				TEST_HOST = "$(BUILT_PRODUCTS_DIR)/AuxPartyiOS2.app/AuxPartyiOS2";
			};
			name = Debug;
		};
		645CA7061E2830F200782097 /* Release */ = {
			isa = XCBuildConfiguration;
			buildSettings = {
				ALWAYS_EMBED_SWIFT_STANDARD_LIBRARIES = YES;
				BUNDLE_LOADER = "$(TEST_HOST)";
				INFOPLIST_FILE = AuxPartyiOS2Tests/Info.plist;
				LD_RUNPATH_SEARCH_PATHS = "$(inherited) @executable_path/Frameworks @loader_path/Frameworks";
				PRODUCT_BUNDLE_IDENTIFIER = com.auxparty.AuxPartyiOS2Tests;
				PRODUCT_NAME = "$(TARGET_NAME)";
				SWIFT_VERSION = 3.0;
				TEST_HOST = "$(BUILT_PRODUCTS_DIR)/AuxPartyiOS2.app/AuxPartyiOS2";
			};
			name = Release;
		};
		645CA7081E2830F200782097 /* Debug */ = {
			isa = XCBuildConfiguration;
			buildSettings = {
				ALWAYS_EMBED_SWIFT_STANDARD_LIBRARIES = YES;
				INFOPLIST_FILE = AuxPartyiOS2UITests/Info.plist;
				LD_RUNPATH_SEARCH_PATHS = "$(inherited) @executable_path/Frameworks @loader_path/Frameworks";
				PRODUCT_BUNDLE_IDENTIFIER = com.auxparty.AuxPartyiOS2UITests;
				PRODUCT_NAME = "$(TARGET_NAME)";
				SWIFT_VERSION = 3.0;
				TEST_TARGET_NAME = AuxPartyiOS2;
			};
			name = Debug;
		};
		645CA7091E2830F200782097 /* Release */ = {
			isa = XCBuildConfiguration;
			buildSettings = {
				ALWAYS_EMBED_SWIFT_STANDARD_LIBRARIES = YES;
				INFOPLIST_FILE = AuxPartyiOS2UITests/Info.plist;
				LD_RUNPATH_SEARCH_PATHS = "$(inherited) @executable_path/Frameworks @loader_path/Frameworks";
				PRODUCT_BUNDLE_IDENTIFIER = com.auxparty.AuxPartyiOS2UITests;
				PRODUCT_NAME = "$(TARGET_NAME)";
				SWIFT_VERSION = 3.0;
				TEST_TARGET_NAME = AuxPartyiOS2;
			};
			name = Release;
		};
/* End XCBuildConfiguration section */

/* Begin XCConfigurationList section */
		645CA6D21E2830F100782097 /* Build configuration list for PBXProject "AuxPartyiOS2" */ = {
			isa = XCConfigurationList;
			buildConfigurations = (
				645CA6FF1E2830F200782097 /* Debug */,
				645CA7001E2830F200782097 /* Release */,
			);
			defaultConfigurationIsVisible = 0;
			defaultConfigurationName = Release;
		};
		645CA7011E2830F200782097 /* Build configuration list for PBXNativeTarget "AuxPartyiOS2" */ = {
			isa = XCConfigurationList;
			buildConfigurations = (
				645CA7021E2830F200782097 /* Debug */,
				645CA7031E2830F200782097 /* Release */,
			);
			defaultConfigurationIsVisible = 0;
			defaultConfigurationName = Release;
		};
		645CA7041E2830F200782097 /* Build configuration list for PBXNativeTarget "AuxPartyiOS2Tests" */ = {
			isa = XCConfigurationList;
			buildConfigurations = (
				645CA7051E2830F200782097 /* Debug */,
				645CA7061E2830F200782097 /* Release */,
			);
			defaultConfigurationIsVisible = 0;
			defaultConfigurationName = Release;
		};
		645CA7071E2830F200782097 /* Build configuration list for PBXNativeTarget "AuxPartyiOS2UITests" */ = {
			isa = XCConfigurationList;
			buildConfigurations = (
				645CA7081E2830F200782097 /* Debug */,
				645CA7091E2830F200782097 /* Release */,
			);
			defaultConfigurationIsVisible = 0;
			defaultConfigurationName = Release;
		};
/* End XCConfigurationList section */
	};
	rootObject = 645CA6CF1E2830F100782097 /* Project object */;
}
